
Microsoft Visual Studio Solution File, Format Version 12.00
# Visual Studio Version 17
VisualStudioVersion = 17.4.33110.190
MinimumVisualStudioVersion = 10.0.40219.1
Project("{FAE04EC0-301F-11D3-BF4B-00C04F79EFBC}") = "LearnEntityFramework.API", "LearnEntityFramework.API\LearnEntityFramework.API.csproj", "{E5FF5F58-A377-46EC-9966-12F1A27BE303}"
EndProject
Project("{FAE04EC0-301F-11D3-BF4B-00C04F79EFBC}") = "LearnEntityFramework.EFLibrary", "LearnEntityFramework.EFLibrary\LearnEntityFramework.EFLibrary.csproj", "{DCEF6D71-984A-4631-85D9-0129D8C938EB}"
EndProject
Global
	GlobalSection(SolutionConfigurationPlatforms) = preSolution
		Debug|Any CPU = Debug|Any CPU
		Release|Any CPU = Release|Any CPU
	EndGlobalSection
	GlobalSection(ProjectConfigurationPlatforms) = postSolution
		{E5FF5F58-A377-46EC-9966-12F1A27BE303}.Debug|Any CPU.ActiveCfg = Debug|Any CPU
		{E5FF5F58-A377-46EC-9966-12F1A27BE303}.Debug|Any CPU.Build.0 = Debug|Any CPU
		{E5FF5F58-A377-46EC-9966-12F1A27BE303}.Release|Any CPU.ActiveCfg = Release|Any CPU
		{E5FF5F58-A377-46EC-9966-12F1A27BE303}.Release|Any CPU.Build.0 = Release|Any CPU
		{DCEF6D71-984A-4631-85D9-0129D8C938EB}.Debug|Any CPU.ActiveCfg = Debug|Any CPU
		{DCEF6D71-984A-4631-85D9-0129D8C938EB}.Debug|Any CPU.Build.0 = Debug|Any CPU
		{DCEF6D71-984A-4631-85D9-0129D8C938EB}.Release|Any CPU.ActiveCfg = Release|Any CPU
		{DCEF6D71-984A-4631-85D9-0129D8C938EB}.Release|Any CPU.Build.0 = Release|Any CPU
	EndGlobalSection
	GlobalSection(SolutionProperties) = preSolution
		HideSolutionNode = FALSE
	EndGlobalSection
	GlobalSection(ExtensibilityGlobals) = postSolution
		SolutionGuid = {F5C5239C-87BB-4C15-B49C-99E3E24616FA}
	EndGlobalSection
EndGlobal
